
Microsoft Visual Studio Solution File, Format Version 12.00
# Visual Studio Version 17
VisualStudioVersion = 17.4.33213.308
MinimumVisualStudioVersion = 10.0.40219.1
Project("{FAE04EC0-301F-11D3-BF4B-00C04F79EFBC}") = "modul5_1302190044", "modul5_1302190044.csproj", "{23340C92-522A-4078-B8DD-0F895EEEE9AE}"
EndProject
Global
	GlobalSection(SolutionConfigurationPlatforms) = preSolution
		Debug|Any CPU = Debug|Any CPU
		Release|Any CPU = Release|Any CPU
	EndGlobalSection
	GlobalSection(ProjectConfigurationPlatforms) = postSolution
		{23340C92-522A-4078-B8DD-0F895EEEE9AE}.Debug|Any CPU.ActiveCfg = Debug|Any CPU
		{23340C92-522A-4078-B8DD-0F895EEEE9AE}.Debug|Any CPU.Build.0 = Debug|Any CPU
		{23340C92-522A-4078-B8DD-0F895EEEE9AE}.Release|Any CPU.ActiveCfg = Release|Any CPU
		{23340C92-522A-4078-B8DD-0F895EEEE9AE}.Release|Any CPU.Build.0 = Release|Any CPU
	EndGlobalSection
	GlobalSection(SolutionProperties) = preSolution
		HideSolutionNode = FALSE
	EndGlobalSection
	GlobalSection(ExtensibilityGlobals) = postSolution
		SolutionGuid = {844FBC4B-F3B2-485D-A04E-DC6EC03F6807}
	EndGlobalSection
EndGlobal
